
Microsoft Visual Studio Solution File, Format Version 12.00
# Visual Studio Version 17
VisualStudioVersion = 17.14.36429.23
MinimumVisualStudioVersion = 10.0.40219.1
Project("{FAE04EC0-301F-11D3-BF4B-00C04F79EFBC}") = "PesonalWallet1", "PesonalWallet1\PesonalWallet1.csproj", "{E00C5600-1E32-437A-A86A-D6F371468126}"
EndProject
Project("{FAE04EC0-301F-11D3-BF4B-00C04F79EFBC}") = "PersonalWallet.Tests", "PersonalWallet.Tests\PersonalWallet.Tests.csproj", "{52783A67-156C-5ACA-352D-FEE138179DC9}"
EndProject
Global
	GlobalSection(SolutionConfigurationPlatforms) = preSolution
		Debug|Any CPU = Debug|Any CPU
		Release|Any CPU = Release|Any CPU
	EndGlobalSection
	GlobalSection(ProjectConfigurationPlatforms) = postSolution
		{E00C5600-1E32-437A-A86A-D6F371468126}.Debug|Any CPU.ActiveCfg = Debug|Any CPU
		{E00C5600-1E32-437A-A86A-D6F371468126}.Debug|Any CPU.Build.0 = Debug|Any CPU
		{E00C5600-1E32-437A-A86A-D6F371468126}.Release|Any CPU.ActiveCfg = Release|Any CPU
		{E00C5600-1E32-437A-A86A-D6F371468126}.Release|Any CPU.Build.0 = Release|Any CPU
		{52783A67-156C-5ACA-352D-FEE138179DC9}.Debug|Any CPU.ActiveCfg = Debug|Any CPU
		{52783A67-156C-5ACA-352D-FEE138179DC9}.Debug|Any CPU.Build.0 = Debug|Any CPU
		{52783A67-156C-5ACA-352D-FEE138179DC9}.Release|Any CPU.ActiveCfg = Release|Any CPU
		{52783A67-156C-5ACA-352D-FEE138179DC9}.Release|Any CPU.Build.0 = Release|Any CPU
	EndGlobalSection
	GlobalSection(SolutionProperties) = preSolution
		HideSolutionNode = FALSE
	EndGlobalSection
	GlobalSection(ExtensibilityGlobals) = postSolution
		SolutionGuid = {2EA2C69E-6E8F-4EE4-A96C-C93754A342F6}
	EndGlobalSection
EndGlobal
